// !$*UTF8*$!
{
	archiveVersion = 1;
	classes = {
	};
	objectVersion = 77;
	objects = {

/* Begin PBXContainerItemProxy section */
		46737A182F12EC4100552CCC /* PBXContainerItemProxy */ = {
			isa = PBXContainerItemProxy;
			containerPortal = 467379FD2F12EC4000552CCC /* Project object */;
			proxyType = 1;
			remoteGlobalIDString = 46737A042F12EC4000552CCC;
			remoteInfo = GolfCartPath;
		};
		46737A222F12EC4100552CCC /* PBXContainerItemProxy */ = {
			isa = PBXContainerItemProxy;
			containerPortal = 467379FD2F12EC4000552CCC /* Project object */;
			proxyType = 1;
			remoteGlobalIDString = 46737A042F12EC4000552CCC;
			remoteInfo = GolfCartPath;
		};
/* End PBXContainerItemProxy section */

/* Begin PBXFileReference section */
		46737A052F12EC4000552CCC /* GolfCartPath.app */ = {isa = PBXFileReference; explicitFileType = wrapper.application; includeInIndex = 0; path = GolfCartPath.app; sourceTree = BUILT_PRODUCTS_DIR; };
		46737A172F12EC4100552CCC /* GolfCartPathTests.xctest */ = {isa = PBXFileReference; explicitFileType = wrapper.cfbundle; includeInIndex = 0; path = GolfCartPathTests.xctest; sourceTree = BUILT_PRODUCTS_DIR; };
		46737A212F12EC4100552CCC /* GolfCartPathUITests.xctest */ = {isa = PBXFileReference; explicitFileType = wrapper.cfbundle; includeInIndex = 0; path = GolfCartPathUITests.xctest; sourceTree = BUILT_PRODUCTS_DIR; };
		46737A342F12ED2600552CCC /* README.md */ = {isa = PBXFileReference; lastKnownFileType = net.daringfireball.markdown; path = README.md; sourceTree = "<group>"; xcLanguageSpecificationIdentifier = xcode.lang.xcfilelist; };
		4699F58E2F19B275004948F5 /* GolfCartPath.xctestplan */ = {isa = PBXFileReference; lastKnownFileType = text; path = GolfCartPath.xctestplan; sourceTree = "<group>"; };
/* End PBXFileReference section */

/* Begin PBXFileSystemSynchronizedRootGroup section */
		46737A072F12EC4000552CCC /* GolfCartPath */ = {
			isa = PBXFileSystemSynchronizedRootGroup;
			path = GolfCartPath;
			sourceTree = "<group>";
		};
		46737A1A2F12EC4100552CCC /* GolfCartPathTests */ = {
			isa = PBXFileSystemSynchronizedRootGroup;
			path = GolfCartPathTests;
			sourceTree = "<group>";
		};
		46737A242F12EC4100552CCC /* GolfCartPathUITests */ = {
			isa = PBXFileSystemSynchronizedRootGroup;
			path = GolfCartPathUITests;
			sourceTree = "<group>";
		};
/* End PBXFileSystemSynchronizedRootGroup section */

/* Begin PBXFrameworksBuildPhase section */
		46737A022F12EC4000552CCC /* Frameworks */ = {
			isa = PBXFrameworksBuildPhase;
			buildActionMask = 2147483647;
			files = (
			);
			runOnlyForDeploymentPostprocessing = 0;
		};
		46737A142F12EC4100552CCC /* Frameworks */ = {
			isa = PBXFrameworksBuildPhase;
			buildActionMask = 2147483647;
			files = (
			);
			runOnlyForDeploymentPostprocessing = 0;
		};
		46737A1E2F12EC4100552CCC /* Frameworks */ = {
			isa = PBXFrameworksBuildPhase;
			buildActionMask = 2147483647;
			files = (
			);
			runOnlyForDeploymentPostprocessing = 0;
		};
/* End PBXFrameworksBuildPhase section */

/* Begin PBXGroup section */
		467379FC2F12EC4000552CCC = {
			isa = PBXGroup;
			children = (
				4699F58E2F19B275004948F5 /* GolfCartPath.xctestplan */,
				46737A342F12ED2600552CCC /* README.md */,
				46737A072F12EC4000552CCC /* GolfCartPath */,
				46737A1A2F12EC4100552CCC /* GolfCartPathTests */,
				46737A242F12EC4100552CCC /* GolfCartPathUITests */,
				46737A062F12EC4000552CCC /* Products */,
			);
			sourceTree = "<group>";
		};
		46737A062F12EC4000552CCC /* Products */ = {
			isa = PBXGroup;
			children = (
				46737A052F12EC4000552CCC /* GolfCartPath.app */,
				46737A172F12EC4100552CCC /* GolfCartPathTests.xctest */,
				46737A212F12EC4100552CCC /* GolfCartPathUITests.xctest */,
			);
			name = Products;
			sourceTree = "<group>";
		};
/* End PBXGroup section */

/* Begin PBXNativeTarget section */
		46737A042F12EC4000552CCC /* GolfCartPath */ = {
			isa = PBXNativeTarget;
			buildConfigurationList = 46737A2B2F12EC4100552CCC /* Build configuration list for PBXNativeTarget "GolfCartPath" */;
			buildPhases = (
				46737A012F12EC4000552CCC /* Sources */,
				46737A022F12EC4000552CCC /* Frameworks */,
				46737A032F12EC4000552CCC /* Resources */,
			);
			buildRules = (
			);
			dependencies = (
			);
			fileSystemSynchronizedGroups = (
				46737A072F12EC4000552CCC /* GolfCartPath */,
			);
			name = GolfCartPath;
			packageProductDependencies = (
			);
			productName = GolfCartPath;
			productReference = 46737A052F12EC4000552CCC /* GolfCartPath.app */;
			productType = "com.apple.product-type.application";
		};
		46737A162F12EC4100552CCC /* GolfCartPathTests */ = {
			isa = PBXNativeTarget;
			buildConfigurationList = 46737A2E2F12EC4100552CCC /* Build configuration list for PBXNativeTarget "GolfCartPathTests" */;
			buildPhases = (
				46737A132F12EC4100552CCC /* Sources */,
				46737A142F12EC4100552CCC /* Frameworks */,
				46737A152F12EC4100552CCC /* Resources */,
			);
			buildRules = (
			);
			dependencies = (
				46737A192F12EC4100552CCC /* PBXTargetDependency */,
			);
			fileSystemSynchronizedGroups = (
				46737A1A2F12EC4100552CCC /* GolfCartPathTests */,
			);
			name = GolfCartPathTests;
			packageProductDependencies = (
			);
			productName = GolfCartPathTests;
			productReference = 46737A172F12EC4100552CCC /* GolfCartPathTests.xctest */;
			productType = "com.apple.product-type.bundle.unit-test";
		};
		46737A202F12EC4100552CCC /* GolfCartPathUITests */ = {
			isa = PBXNativeTarget;
			buildConfigurationList = 46737A312F12EC4100552CCC /* Build configuration list for PBXNativeTarget "GolfCartPathUITests" */;
			buildPhases = (
				46737A1D2F12EC4100552CCC /* Sources */,
				46737A1E2F12EC4100552CCC /* Frameworks */,
				46737A1F2F12EC4100552CCC /* Resources */,
			);
			buildRules = (
			);
			dependencies = (
				46737A232F12EC4100552CCC /* PBXTargetDependency */,
			);
			fileSystemSynchronizedGroups = (
				46737A242F12EC4100552CCC /* GolfCartPathUITests */,
			);
			name = GolfCartPathUITests;
			packageProductDependencies = (
			);
			productName = GolfCartPathUITests;
			productReference = 46737A212F12EC4100552CCC /* GolfCartPathUITests.xctest */;
			productType = "com.apple.product-type.bundle.ui-testing";
		};
/* End PBXNativeTarget section */

/* Begin PBXProject section */
		467379FD2F12EC4000552CCC /* Project object */ = {
			isa = PBXProject;
			attributes = {
				BuildIndependentTargetsInParallel = 1;
				LastSwiftUpdateCheck = 2620;
				LastUpgradeCheck = 2620;
				TargetAttributes = {
					46737A042F12EC4000552CCC = {
						CreatedOnToolsVersion = 26.2;
					};
					46737A162F12EC4100552CCC = {
						CreatedOnToolsVersion = 26.2;
						TestTargetID = 46737A042F12EC4000552CCC;
					};
					46737A202F12EC4100552CCC = {
						CreatedOnToolsVersion = 26.2;
						TestTargetID = 46737A042F12EC4000552CCC;
					};
				};
			};
			buildConfigurationList = 46737A002F12EC4000552CCC /* Build configuration list for PBXProject "GolfCartPath" */;
			developmentRegion = en;
			hasScannedForEncodings = 0;
			knownRegions = (
				en,
				Base,
			);
			mainGroup = 467379FC2F12EC4000552CCC;
			minimizedProjectReferenceProxies = 1;
			packageReferences = (
				461D009F2F130A82004B6D22 /* XCRemoteSwiftPackageReference "SwiftLintPlugins" */,
			);
			preferredProjectObjectVersion = 77;
			productRefGroup = 46737A062F12EC4000552CCC /* Products */;
			projectDirPath = "";
			projectRoot = "";
			targets = (
				46737A042F12EC4000552CCC /* GolfCartPath */,
				46737A162F12EC4100552CCC /* GolfCartPathTests */,
				46737A202F12EC4100552CCC /* GolfCartPathUITests */,
			);
		};
/* End PBXProject section */

/* Begin PBXResourcesBuildPhase section */
		46737A032F12EC4000552CCC /* Resources */ = {
			isa = PBXResourcesBuildPhase;
			buildActionMask = 2147483647;
			files = (
			);
			runOnlyForDeploymentPostprocessing = 0;
		};
		46737A152F12EC4100552CCC /* Resources */ = {
			isa = PBXResourcesBuildPhase;
			buildActionMask = 2147483647;
			files = (
			);
			runOnlyForDeploymentPostprocessing = 0;
		};
		46737A1F2F12EC4100552CCC /* Resources */ = {
			isa = PBXResourcesBuildPhase;
			buildActionMask = 2147483647;
			files = (
			);
			runOnlyForDeploymentPostprocessing = 0;
		};
/* End PBXResourcesBuildPhase section */

/* Begin PBXSourcesBuildPhase section */
		46737A012F12EC4000552CCC /* Sources */ = {
			isa = PBXSourcesBuildPhase;
			buildActionMask = 2147483647;
			files = (
			);
			runOnlyForDeploymentPostprocessing = 0;
		};
		46737A132F12EC4100552CCC /* Sources */ = {
			isa = PBXSourcesBuildPhase;
			buildActionMask = 2147483647;
			files = (
			);
			runOnlyForDeploymentPostprocessing = 0;
		};
		46737A1D2F12EC4100552CCC /* Sources */ = {
			isa = PBXSourcesBuildPhase;
			buildActionMask = 2147483647;
			files = (
			);
			runOnlyForDeploymentPostprocessing = 0;
		};
/* End PBXSourcesBuildPhase section */

/* Begin PBXTargetDependency section */
		46737A192F12EC4100552CCC /* PBXTargetDependency */ = {
			isa = PBXTargetDependency;
			target = 46737A042F12EC4000552CCC /* GolfCartPath */;
			targetProxy = 46737A182F12EC4100552CCC /* PBXContainerItemProxy */;
		};
		46737A232F12EC4100552CCC /* PBXTargetDependency */ = {
			isa = PBXTargetDependency;
			target = 46737A042F12EC4000552CCC /* GolfCartPath */;
			targetProxy = 46737A222F12EC4100552CCC /* PBXContainerItemProxy */;
		};
/* End PBXTargetDependency section */

/* Begin XCBuildConfiguration section */
		46737A292F12EC4100552CCC /* Debug */ = {
			isa = XCBuildConfiguration;
			buildSettings = {
				ALWAYS_SEARCH_USER_PATHS = NO;
				ASSETCATALOG_COMPILER_GENERATE_SWIFT_ASSET_SYMBOL_EXTENSIONS = YES;
				CLANG_ANALYZER_NONNULL = YES;
				CLANG_ANALYZER_NUMBER_OBJECT_CONVERSION = YES_AGGRESSIVE;
				CLANG_CXX_LANGUAGE_STANDARD = "gnu++20";
				CLANG_ENABLE_MODULES = YES;
				CLANG_ENABLE_OBJC_ARC = YES;
				CLANG_ENABLE_OBJC_WEAK = YES;
				CLANG_WARN_BLOCK_CAPTURE_AUTORELEASING = YES;
				CLANG_WARN_BOOL_CONVERSION = YES;
				CLANG_WARN_COMMA = YES;
				CLANG_WARN_CONSTANT_CONVERSION = YES;
				CLANG_WARN_DEPRECATED_OBJC_IMPLEMENTATIONS = YES;
				CLANG_WARN_DIRECT_OBJC_ISA_USAGE = YES_ERROR;
				CLANG_WARN_DOCUMENTATION_COMMENTS = YES;
				CLANG_WARN_EMPTY_BODY = YES;
				CLANG_WARN_ENUM_CONVERSION = YES;
				CLANG_WARN_INFINITE_RECURSION = YES;
				CLANG_WARN_INT_CONVERSION = YES;
				CLANG_WARN_NON_LITERAL_NULL_CONVERSION = YES;
				CLANG_WARN_OBJC_IMPLICIT_RETAIN_SELF = YES;
				CLANG_WARN_OBJC_LITERAL_CONVERSION = YES;
				CLANG_WARN_OBJC_ROOT_CLASS = YES_ERROR;
				CLANG_WARN_QUOTED_INCLUDE_IN_FRAMEWORK_HEADER = YES;
				CLANG_WARN_RANGE_LOOP_ANALYSIS = YES;
				CLANG_WARN_STRICT_PROTOTYPES = YES;
				CLANG_WARN_SUSPICIOUS_MOVE = YES;
				CLANG_WARN_UNGUARDED_AVAILABILITY = YES_AGGRESSIVE;
				CLANG_WARN_UNREACHABLE_CODE = YES;
				CLANG_WARN__DUPLICATE_METHOD_MATCH = YES;
				COPY_PHASE_STRIP = NO;
				DEBUG_INFORMATION_FORMAT = dwarf;
				DEVELOPMENT_TEAM = C66M22QLDC;
				ENABLE_STRICT_OBJC_MSGSEND = YES;
				ENABLE_TESTABILITY = YES;
				ENABLE_USER_SCRIPT_SANDBOXING = YES;
				GCC_C_LANGUAGE_STANDARD = gnu17;
				GCC_DYNAMIC_NO_PIC = NO;
				GCC_NO_COMMON_BLOCKS = YES;
				GCC_OPTIMIZATION_LEVEL = 0;
				GCC_PREPROCESSOR_DEFINITIONS = (
					"DEBUG=1",
					"$(inherited)",
				);
				GCC_WARN_64_TO_32_BIT_CONVERSION = YES;
				GCC_WARN_ABOUT_RETURN_TYPE = YES_ERROR;
				GCC_WARN_UNDECLARED_SELECTOR = YES;
				GCC_WARN_UNINITIALIZED_AUTOS = YES_AGGRESSIVE;
				GCC_WARN_UNUSED_FUNCTION = YES;
				GCC_WARN_UNUSED_VARIABLE = YES;
				LOCALIZATION_PREFERS_STRING_CATALOGS = YES;
				MACOSX_DEPLOYMENT_TARGET = 26.2;
				MTL_ENABLE_DEBUG_INFO = INCLUDE_SOURCE;
				MTL_FAST_MATH = YES;
				ONLY_ACTIVE_ARCH = YES;
				SDKROOT = macosx;
				SWIFT_ACTIVE_COMPILATION_CONDITIONS = "DEBUG $(inherited)";
				SWIFT_OPTIMIZATION_LEVEL = "-Onone";
			};
			name = Debug;
		};
		46737A2A2F12EC4100552CCC /* Release */ = {
			isa = XCBuildConfiguration;
			buildSettings = {
				ALWAYS_SEARCH_USER_PATHS = NO;
				ASSETCATALOG_COMPILER_GENERATE_SWIFT_ASSET_SYMBOL_EXTENSIONS = YES;
				CLANG_ANALYZER_NONNULL = YES;
				CLANG_ANALYZER_NUMBER_OBJECT_CONVERSION = YES_AGGRESSIVE;
				CLANG_CXX_LANGUAGE_STANDARD = "gnu++20";
				CLANG_ENABLE_MODULES = YES;
				CLANG_ENABLE_OBJC_ARC = YES;
				CLANG_ENABLE_OBJC_WEAK = YES;
				CLANG_WARN_BLOCK_CAPTURE_AUTORELEASING = YES;
				CLANG_WARN_BOOL_CONVERSION = YES;
				CLANG_WARN_COMMA = YES;
				CLANG_WARN_CONSTANT_CONVERSION = YES;
				CLANG_WARN_DEPRECATED_OBJC_IMPLEMENTATIONS = YES;
				CLANG_WARN_DIRECT_OBJC_ISA_USAGE = YES_ERROR;
				CLANG_WARN_DOCUMENTATION_COMMENTS = YES;
				CLANG_WARN_EMPTY_BODY = YES;
				CLANG_WARN_ENUM_CONVERSION = YES;
				CLANG_WARN_INFINITE_RECURSION = YES;
				CLANG_WARN_INT_CONVERSION = YES;
				CLANG_WARN_NON_LITERAL_NULL_CONVERSION = YES;
				CLANG_WARN_OBJC_IMPLICIT_RETAIN_SELF = YES;
				CLANG_WARN_OBJC_LITERAL_CONVERSION = YES;
				CLANG_WARN_OBJC_ROOT_CLASS = YES_ERROR;
				CLANG_WARN_QUOTED_INCLUDE_IN_FRAMEWORK_HEADER = YES;
				CLANG_WARN_RANGE_LOOP_ANALYSIS = YES;
				CLANG_WARN_STRICT_PROTOTYPES = YES;
				CLANG_WARN_SUSPICIOUS_MOVE = YES;
				CLANG_WARN_UNGUARDED_AVAILABILITY = YES_AGGRESSIVE;
				CLANG_WARN_UNREACHABLE_CODE = YES;
				CLANG_WARN__DUPLICATE_METHOD_MATCH = YES;
				COPY_PHASE_STRIP = NO;
				DEBUG_INFORMATION_FORMAT = "dwarf-with-dsym";
				DEVELOPMENT_TEAM = C66M22QLDC;
				ENABLE_NS_ASSERTIONS = NO;
				ENABLE_STRICT_OBJC_MSGSEND = YES;
				ENABLE_USER_SCRIPT_SANDBOXING = YES;
				GCC_C_LANGUAGE_STANDARD = gnu17;
				GCC_NO_COMMON_BLOCKS = YES;
				GCC_WARN_64_TO_32_BIT_CONVERSION = YES;
				GCC_WARN_ABOUT_RETURN_TYPE = YES_ERROR;
				GCC_WARN_UNDECLARED_SELECTOR = YES;
				GCC_WARN_UNINITIALIZED_AUTOS = YES_AGGRESSIVE;
				GCC_WARN_UNUSED_FUNCTION = YES;
				GCC_WARN_UNUSED_VARIABLE = YES;
				LOCALIZATION_PREFERS_STRING_CATALOGS = YES;
				MACOSX_DEPLOYMENT_TARGET = 26.2;
				MTL_ENABLE_DEBUG_INFO = NO;
				MTL_FAST_MATH = YES;
				SDKROOT = macosx;
				SWIFT_COMPILATION_MODE = wholemodule;
			};
			name = Release;
		};
		46737A2C2F12EC4100552CCC /* Debug */ = {
			isa = XCBuildConfiguration;
			buildSettings = {
				ASSETCATALOG_COMPILER_APPICON_NAME = AppIcon;
				ASSETCATALOG_COMPILER_GLOBAL_ACCENT_COLOR_NAME = AccentColor;
				CODE_SIGN_STYLE = Automatic;
				COMBINE_HIDPI_IMAGES = YES;
				CURRENT_PROJECT_VERSION = 1;
				DEVELOPMENT_TEAM = C66M22QLDC;
				ENABLE_APP_SANDBOX = YES;
				ENABLE_HARDENED_RUNTIME = YES;
				ENABLE_PREVIEWS = YES;
				ENABLE_USER_SELECTED_FILES = readonly;
				GENERATE_INFOPLIST_FILE = YES;
				INFOPLIST_KEY_NSHumanReadableCopyright = "";
				LD_RUNPATH_SEARCH_PATHS = (
					"$(inherited)",
					"@executable_path/../Frameworks",
				);
				MARKETING_VERSION = 1.0;
				PRODUCT_BUNDLE_IDENTIFIER = AdamsDesiree.GolfCartPath;
				PRODUCT_NAME = "$(TARGET_NAME)";
				REGISTER_APP_GROUPS = YES;
				STRING_CATALOG_GENERATE_SYMBOLS = YES;
				SWIFT_APPROACHABLE_CONCURRENCY = YES;
				SWIFT_DEFAULT_ACTOR_ISOLATION = MainActor;
				SWIFT_EMIT_LOC_STRINGS = YES;
				SWIFT_UPCOMING_FEATURE_MEMBER_IMPORT_VISIBILITY = YES;
				SWIFT_VERSION = 5.0;
			};
			name = Debug;
		};
		46737A2D2F12EC4100552CCC /* Release */ = {
			isa = XCBuildConfiguration;
			buildSettings = {
				ASSETCATALOG_COMPILER_APPICON_NAME = AppIcon;
				ASSETCATALOG_COMPILER_GLOBAL_ACCENT_COLOR_NAME = AccentColor;
				CODE_SIGN_STYLE = Automatic;
				COMBINE_HIDPI_IMAGES = YES;
				CURRENT_PROJECT_VERSION = 1;
				DEVELOPMENT_TEAM = C66M22QLDC;
				ENABLE_APP_SANDBOX = YES;
				ENABLE_HARDENED_RUNTIME = YES;
				ENABLE_PREVIEWS = YES;
				ENABLE_USER_SELECTED_FILES = readonly;
				GENERATE_INFOPLIST_FILE = YES;
				INFOPLIST_KEY_NSHumanReadableCopyright = "";
				LD_RUNPATH_SEARCH_PATHS = (
					"$(inherited)",
					"@executable_path/../Frameworks",
				);
				MARKETING_VERSION = 1.0;
				PRODUCT_BUNDLE_IDENTIFIER = AdamsDesiree.GolfCartPath;
				PRODUCT_NAME = "$(TARGET_NAME)";
				REGISTER_APP_GROUPS = YES;
				STRING_CATALOG_GENERATE_SYMBOLS = YES;
				SWIFT_APPROACHABLE_CONCURRENCY = YES;
				SWIFT_DEFAULT_ACTOR_ISOLATION = MainActor;
				SWIFT_EMIT_LOC_STRINGS = YES;
				SWIFT_UPCOMING_FEATURE_MEMBER_IMPORT_VISIBILITY = YES;
				SWIFT_VERSION = 5.0;
			};
			name = Release;
		};
		46737A2F2F12EC4100552CCC /* Debug */ = {
			isa = XCBuildConfiguration;
			buildSettings = {
				BUNDLE_LOADER = "$(TEST_HOST)";
				CODE_SIGN_STYLE = Automatic;
				CURRENT_PROJECT_VERSION = 1;
				DEVELOPMENT_TEAM = C66M22QLDC;
				GENERATE_INFOPLIST_FILE = YES;
				MACOSX_DEPLOYMENT_TARGET = 26.2;
				MARKETING_VERSION = 1.0;
				PRODUCT_BUNDLE_IDENTIFIER = AdamsDesiree.GolfCartPathTests;
				PRODUCT_NAME = "$(TARGET_NAME)";
				STRING_CATALOG_GENERATE_SYMBOLS = NO;
				SWIFT_APPROACHABLE_CONCURRENCY = YES;
				SWIFT_EMIT_LOC_STRINGS = NO;
				SWIFT_UPCOMING_FEATURE_MEMBER_IMPORT_VISIBILITY = YES;
				SWIFT_VERSION = 5.0;
				TEST_HOST = "$(BUILT_PRODUCTS_DIR)/GolfCartPath.app/$(BUNDLE_EXECUTABLE_FOLDER_PATH)/GolfCartPath";
			};
			name = Debug;
		};
		46737A302F12EC4100552CCC /* Release */ = {
			isa = XCBuildConfiguration;
			buildSettings = {
				BUNDLE_LOADER = "$(TEST_HOST)";
				CODE_SIGN_STYLE = Automatic;
				CURRENT_PROJECT_VERSION = 1;
				DEVELOPMENT_TEAM = C66M22QLDC;
				GENERATE_INFOPLIST_FILE = YES;
				MACOSX_DEPLOYMENT_TARGET = 26.2;
				MARKETING_VERSION = 1.0;
				PRODUCT_BUNDLE_IDENTIFIER = AdamsDesiree.GolfCartPathTests;
				PRODUCT_NAME = "$(TARGET_NAME)";
				STRING_CATALOG_GENERATE_SYMBOLS = NO;
				SWIFT_APPROACHABLE_CONCURRENCY = YES;
				SWIFT_EMIT_LOC_STRINGS = NO;
				SWIFT_UPCOMING_FEATURE_MEMBER_IMPORT_VISIBILITY = YES;
				SWIFT_VERSION = 5.0;
				TEST_HOST = "$(BUILT_PRODUCTS_DIR)/GolfCartPath.app/$(BUNDLE_EXECUTABLE_FOLDER_PATH)/GolfCartPath";
			};
			name = Release;
		};
		46737A322F12EC4100552CCC /* Debug */ = {
			isa = XCBuildConfiguration;
			buildSettings = {
				CODE_SIGN_STYLE = Automatic;
				CURRENT_PROJECT_VERSION = 1;
				DEVELOPMENT_TEAM = C66M22QLDC;
				GENERATE_INFOPLIST_FILE = YES;
				MARKETING_VERSION = 1.0;
				PRODUCT_BUNDLE_IDENTIFIER = AdamsDesiree.GolfCartPathUITests;
				PRODUCT_NAME = "$(TARGET_NAME)";
				STRING_CATALOG_GENERATE_SYMBOLS = NO;
				SWIFT_APPROACHABLE_CONCURRENCY = YES;
				SWIFT_EMIT_LOC_STRINGS = NO;
				SWIFT_UPCOMING_FEATURE_MEMBER_IMPORT_VISIBILITY = YES;
				SWIFT_VERSION = 5.0;
				TEST_TARGET_NAME = GolfCartPath;
			};
			name = Debug;
		};
		46737A332F12EC4100552CCC /* Release */ = {
			isa = XCBuildConfiguration;
			buildSettings = {
				CODE_SIGN_STYLE = Automatic;
				CURRENT_PROJECT_VERSION = 1;
				DEVELOPMENT_TEAM = C66M22QLDC;
				GENERATE_INFOPLIST_FILE = YES;
				MARKETING_VERSION = 1.0;
				PRODUCT_BUNDLE_IDENTIFIER = AdamsDesiree.GolfCartPathUITests;
				PRODUCT_NAME = "$(TARGET_NAME)";
				STRING_CATALOG_GENERATE_SYMBOLS = NO;
				SWIFT_APPROACHABLE_CONCURRENCY = YES;
				SWIFT_EMIT_LOC_STRINGS = NO;
				SWIFT_UPCOMING_FEATURE_MEMBER_IMPORT_VISIBILITY = YES;
				SWIFT_VERSION = 5.0;
				TEST_TARGET_NAME = GolfCartPath;
			};
			name = Release;
		};
/* End XCBuildConfiguration section */

/* Begin XCConfigurationList section */
		46737A002F12EC4000552CCC /* Build configuration list for PBXProject "GolfCartPath" */ = {
			isa = XCConfigurationList;
			buildConfigurations = (
				46737A292F12EC4100552CCC /* Debug */,
				46737A2A2F12EC4100552CCC /* Release */,
			);
			defaultConfigurationIsVisible = 0;
			defaultConfigurationName = Release;
		};
		46737A2B2F12EC4100552CCC /* Build configuration list for PBXNativeTarget "GolfCartPath" */ = {
			isa = XCConfigurationList;
			buildConfigurations = (
				46737A2C2F12EC4100552CCC /* Debug */,
				46737A2D2F12EC4100552CCC /* Release */,
			);
			defaultConfigurationIsVisible = 0;
			defaultConfigurationName = Release;
		};
		46737A2E2F12EC4100552CCC /* Build configuration list for PBXNativeTarget "GolfCartPathTests" */ = {
			isa = XCConfigurationList;
			buildConfigurations = (
				46737A2F2F12EC4100552CCC /* Debug */,
				46737A302F12EC4100552CCC /* Release */,
			);
			defaultConfigurationIsVisible = 0;
			defaultConfigurationName = Release;
		};
		46737A312F12EC4100552CCC /* Build configuration list for PBXNativeTarget "GolfCartPathUITests" */ = {
			isa = XCConfigurationList;
			buildConfigurations = (
				46737A322F12EC4100552CCC /* Debug */,
				46737A332F12EC4100552CCC /* Release */,
			);
			defaultConfigurationIsVisible = 0;
			defaultConfigurationName = Release;
		};
/* End XCConfigurationList section */

/* Begin XCRemoteSwiftPackageReference section */
		461D009F2F130A82004B6D22 /* XCRemoteSwiftPackageReference "SwiftLintPlugins" */ = {
			isa = XCRemoteSwiftPackageReference;
			repositoryURL = "https://github.com/SimplyDanny/SwiftLintPlugins";
			requirement = {
				kind = upToNextMajorVersion;
				minimumVersion = 0.63.0;
			};
		};
/* End XCRemoteSwiftPackageReference section */
	};
	rootObject = 467379FD2F12EC4000552CCC /* Project object */;
}
